
Microsoft Visual Studio Solution File, Format Version 12.00
# Visual Studio Version 17
VisualStudioVersion = 17.8.34316.72
MinimumVisualStudioVersion = 10.0.40219.1
Project("{9A19103F-16F7-4668-BE54-9A1E7A4F7556}") = "Tcp-Serveur", "Tcp-Serveur\Tcp-Serveur.csproj", "{190EA915-59E3-4345-B75A-F22FEC789C22}"
EndProject
Project("{9A19103F-16F7-4668-BE54-9A1E7A4F7556}") = "Tcp_Client", "Tcp_Client\Tcp_Client.csproj", "{28595F2D-133A-4B3D-AFC9-40724D7DBB79}"
EndProject
Project("{9A19103F-16F7-4668-BE54-9A1E7A4F7556}") = "Conversation_User_Serveur.BL", "Conversation_User_Serveur.BL\Conversation_User_Serveur.BL.csproj", "{704FB840-BCB6-4EFD-B9CE-F0718B3B264D}"
EndProject
Project("{9A19103F-16F7-4668-BE54-9A1E7A4F7556}") = "Conversation_Chat_Serveur.DAL", "Conversation_Chat_Serveur\Conversation_Chat_Serveur.DAL.csproj", "{4B5E7F9D-24BA-41CD-9045-71A67B53B9BB}"
	ProjectSection(ProjectDependencies) = postProject
		{704FB840-BCB6-4EFD-B9CE-F0718B3B264D} = {704FB840-BCB6-4EFD-B9CE-F0718B3B264D}
	EndProjectSection
EndProject
Project("{FAE04EC0-301F-11D3-BF4B-00C04F79EFBC}") = "Conversation.Service", "Conversation.Service\Conversation.Service.csproj", "{C9307BE7-6B07-401C-8C01-DE4A714A577F}"
	ProjectSection(ProjectDependencies) = postProject
		{4B5E7F9D-24BA-41CD-9045-71A67B53B9BB} = {4B5E7F9D-24BA-41CD-9045-71A67B53B9BB}
		{704FB840-BCB6-4EFD-B9CE-F0718B3B264D} = {704FB840-BCB6-4EFD-B9CE-F0718B3B264D}
	EndProjectSection
EndProject
Global
	GlobalSection(SolutionConfigurationPlatforms) = preSolution
		Debug|Any CPU = Debug|Any CPU
		Release|Any CPU = Release|Any CPU
	EndGlobalSection
	GlobalSection(ProjectConfigurationPlatforms) = postSolution
		{190EA915-59E3-4345-B75A-F22FEC789C22}.Debug|Any CPU.ActiveCfg = Debug|Any CPU
		{190EA915-59E3-4345-B75A-F22FEC789C22}.Debug|Any CPU.Build.0 = Debug|Any CPU
		{190EA915-59E3-4345-B75A-F22FEC789C22}.Release|Any CPU.ActiveCfg = Release|Any CPU
		{190EA915-59E3-4345-B75A-F22FEC789C22}.Release|Any CPU.Build.0 = Release|Any CPU
		{28595F2D-133A-4B3D-AFC9-40724D7DBB79}.Debug|Any CPU.ActiveCfg = Debug|Any CPU
		{28595F2D-133A-4B3D-AFC9-40724D7DBB79}.Debug|Any CPU.Build.0 = Debug|Any CPU
		{28595F2D-133A-4B3D-AFC9-40724D7DBB79}.Release|Any CPU.ActiveCfg = Release|Any CPU
		{28595F2D-133A-4B3D-AFC9-40724D7DBB79}.Release|Any CPU.Build.0 = Release|Any CPU
		{704FB840-BCB6-4EFD-B9CE-F0718B3B264D}.Debug|Any CPU.ActiveCfg = Debug|Any CPU
		{704FB840-BCB6-4EFD-B9CE-F0718B3B264D}.Debug|Any CPU.Build.0 = Debug|Any CPU
		{704FB840-BCB6-4EFD-B9CE-F0718B3B264D}.Release|Any CPU.ActiveCfg = Release|Any CPU
		{704FB840-BCB6-4EFD-B9CE-F0718B3B264D}.Release|Any CPU.Build.0 = Release|Any CPU
		{4B5E7F9D-24BA-41CD-9045-71A67B53B9BB}.Debug|Any CPU.ActiveCfg = Debug|Any CPU
		{4B5E7F9D-24BA-41CD-9045-71A67B53B9BB}.Debug|Any CPU.Build.0 = Debug|Any CPU
		{4B5E7F9D-24BA-41CD-9045-71A67B53B9BB}.Release|Any CPU.ActiveCfg = Release|Any CPU
		{4B5E7F9D-24BA-41CD-9045-71A67B53B9BB}.Release|Any CPU.Build.0 = Release|Any CPU
		{C9307BE7-6B07-401C-8C01-DE4A714A577F}.Debug|Any CPU.ActiveCfg = Debug|Any CPU
		{C9307BE7-6B07-401C-8C01-DE4A714A577F}.Debug|Any CPU.Build.0 = Debug|Any CPU
		{C9307BE7-6B07-401C-8C01-DE4A714A577F}.Release|Any CPU.ActiveCfg = Release|Any CPU
		{C9307BE7-6B07-401C-8C01-DE4A714A577F}.Release|Any CPU.Build.0 = Release|Any CPU
	EndGlobalSection
	GlobalSection(SolutionProperties) = preSolution
		HideSolutionNode = FALSE
	EndGlobalSection
	GlobalSection(ExtensibilityGlobals) = postSolution
		SolutionGuid = {69E13700-DF00-4459-9514-427A89A84985}
	EndGlobalSection
EndGlobal
